
Microsoft Visual Studio Solution File, Format Version 12.00
# Visual Studio Version 16
VisualStudioVersion = 16.0.32126.315
MinimumVisualStudioVersion = 10.0.40219.1
Project("{FAE04EC0-301F-11D3-BF4B-00C04F79EFBC}") = "UITest", "UITest\UITest.csproj", "{2A9D2EA9-3DC1-41BB-BC61-9AC2E63A4B41}"
EndProject
Global
	GlobalSection(SolutionConfigurationPlatforms) = preSolution
		Debug|Any CPU = Debug|Any CPU
		Release|Any CPU = Release|Any CPU
	EndGlobalSection
	GlobalSection(ProjectConfigurationPlatforms) = postSolution
		{2A9D2EA9-3DC1-41BB-BC61-9AC2E63A4B41}.Debug|Any CPU.ActiveCfg = Debug|Any CPU
		{2A9D2EA9-3DC1-41BB-BC61-9AC2E63A4B41}.Debug|Any CPU.Build.0 = Debug|Any CPU
		{2A9D2EA9-3DC1-41BB-BC61-9AC2E63A4B41}.Release|Any CPU.ActiveCfg = Release|Any CPU
		{2A9D2EA9-3DC1-41BB-BC61-9AC2E63A4B41}.Release|Any CPU.Build.0 = Release|Any CPU
	EndGlobalSection
	GlobalSection(SolutionProperties) = preSolution
		HideSolutionNode = FALSE
	EndGlobalSection
	GlobalSection(ExtensibilityGlobals) = postSolution
		SolutionGuid = {C48A0F5E-832F-425F-A2FE-6EA1BC8F53C5}
	EndGlobalSection
EndGlobal
